// !$*UTF8*$!
{
	archiveVersion = 1;
	classes = {
	};
	objectVersion = 48;
	objects = {

/* Begin PBXBuildFile section */
		26265E841FAB417800C04239 /* AppDelegate.swift in Sources */ = {isa = PBXBuildFile; fileRef = 26265E831FAB417800C04239 /* AppDelegate.swift */; };
		26265E891FAB417800C04239 /* Main.storyboard in Resources */ = {isa = PBXBuildFile; fileRef = 26265E871FAB417800C04239 /* Main.storyboard */; };
		26265E8C1FAB417800C04239 /* RedRace2.xcdatamodeld in Sources */ = {isa = PBXBuildFile; fileRef = 26265E8A1FAB417800C04239 /* RedRace2.xcdatamodeld */; };
		26265E8E1FAB417800C04239 /* Assets.xcassets in Resources */ = {isa = PBXBuildFile; fileRef = 26265E8D1FAB417800C04239 /* Assets.xcassets */; };
		26265E911FAB417800C04239 /* LaunchScreen.storyboard in Resources */ = {isa = PBXBuildFile; fileRef = 26265E8F1FAB417800C04239 /* LaunchScreen.storyboard */; };
		26265E9C1FAB417800C04239 /* RedRace2Tests.swift in Sources */ = {isa = PBXBuildFile; fileRef = 26265E9B1FAB417800C04239 /* RedRace2Tests.swift */; };
		26265EA71FAB417800C04239 /* RedRace2UITests.swift in Sources */ = {isa = PBXBuildFile; fileRef = 26265EA61FAB417800C04239 /* RedRace2UITests.swift */; };
		265D62CD1FC8434B00814FFC /* Athlete+CoreDataProperties.swift in Sources */ = {isa = PBXBuildFile; fileRef = 265D62CB1FC8434B00814FFC /* Athlete+CoreDataProperties.swift */; };
		26A561191FC4524500658508 /* AthleteDetailViewController.swift in Sources */ = {isa = PBXBuildFile; fileRef = 26A561181FC4524500658508 /* AthleteDetailViewController.swift */; };
		26AA28531FBA3CED001D6750 /* AthleteCell.swift in Sources */ = {isa = PBXBuildFile; fileRef = 26AA28521FBA3CED001D6750 /* AthleteCell.swift */; };
		26B7CB091FB9C11D00A9EEF0 /* Group+CoreDataClass.swift in Sources */ = {isa = PBXBuildFile; fileRef = 26B7CB011FB9C11D00A9EEF0 /* Group+CoreDataClass.swift */; };
		26B7CB0A1FB9C11D00A9EEF0 /* Group+CoreDataProperties.swift in Sources */ = {isa = PBXBuildFile; fileRef = 26B7CB021FB9C11D00A9EEF0 /* Group+CoreDataProperties.swift */; };
		26B7CB0B1FB9C11D00A9EEF0 /* Participant+CoreDataClass.swift in Sources */ = {isa = PBXBuildFile; fileRef = 26B7CB031FB9C11D00A9EEF0 /* Participant+CoreDataClass.swift */; };
		26B7CB0C1FB9C11D00A9EEF0 /* Participant+CoreDataProperties.swift in Sources */ = {isa = PBXBuildFile; fileRef = 26B7CB041FB9C11D00A9EEF0 /* Participant+CoreDataProperties.swift */; };
		26B7CB0D1FB9C11D00A9EEF0 /* Athlete+CoreDataClass.swift in Sources */ = {isa = PBXBuildFile; fileRef = 26B7CB051FB9C11D00A9EEF0 /* Athlete+CoreDataClass.swift */; };
		26B7CB0F1FB9C11D00A9EEF0 /* Race+CoreDataClass.swift in Sources */ = {isa = PBXBuildFile; fileRef = 26B7CB071FB9C11D00A9EEF0 /* Race+CoreDataClass.swift */; };
		26B7CB101FB9C11D00A9EEF0 /* Race+CoreDataProperties.swift in Sources */ = {isa = PBXBuildFile; fileRef = 26B7CB081FB9C11D00A9EEF0 /* Race+CoreDataProperties.swift */; };
		26B7CB161FB9CDD400A9EEF0 /* AthleteData.swift in Sources */ = {isa = PBXBuildFile; fileRef = 26B7CB151FB9CDD400A9EEF0 /* AthleteData.swift */; };
		26B7CB1B1FB9D86200A9EEF0 /* Date+Extension.swift in Sources */ = {isa = PBXBuildFile; fileRef = 26B7CB1A1FB9D86200A9EEF0 /* Date+Extension.swift */; };
		26B7CB1D1FB9D8C000A9EEF0 /* Array+Extension.swift in Sources */ = {isa = PBXBuildFile; fileRef = 26B7CB1C1FB9D8C000A9EEF0 /* Array+Extension.swift */; };
		26B7CB1F1FB9D8CE00A9EEF0 /* Int+Extension.swift in Sources */ = {isa = PBXBuildFile; fileRef = 26B7CB1E1FB9D8CE00A9EEF0 /* Int+Extension.swift */; };
		26E5028C1FACB3CE00BC33CF /* AthletesViewController.swift in Sources */ = {isa = PBXBuildFile; fileRef = 26E5028B1FACB3CE00BC33CF /* AthletesViewController.swift */; };
/* End PBXBuildFile section */

/* Begin PBXContainerItemProxy section */
		26265E981FAB417800C04239 /* PBXContainerItemProxy */ = {
			isa = PBXContainerItemProxy;
			containerPortal = 26265E781FAB417700C04239 /* Project object */;
			proxyType = 1;
			remoteGlobalIDString = 26265E7F1FAB417800C04239;
			remoteInfo = RedRace2;
		};
		26265EA31FAB417800C04239 /* PBXContainerItemProxy */ = {
			isa = PBXContainerItemProxy;
			containerPortal = 26265E781FAB417700C04239 /* Project object */;
			proxyType = 1;
			remoteGlobalIDString = 26265E7F1FAB417800C04239;
			remoteInfo = RedRace2;
		};
/* End PBXContainerItemProxy section */

/* Begin PBXFileReference section */
		26265E801FAB417800C04239 /* RedRace2.app */ = {isa = PBXFileReference; explicitFileType = wrapper.application; includeInIndex = 0; path = RedRace2.app; sourceTree = BUILT_PRODUCTS_DIR; };
		26265E831FAB417800C04239 /* AppDelegate.swift */ = {isa = PBXFileReference; lastKnownFileType = sourcecode.swift; path = AppDelegate.swift; sourceTree = "<group>"; };
		26265E881FAB417800C04239 /* Base */ = {isa = PBXFileReference; lastKnownFileType = file.storyboard; name = Base; path = Base.lproj/Main.storyboard; sourceTree = "<group>"; };
		26265E8B1FAB417800C04239 /* RedRace2.xcdatamodel */ = {isa = PBXFileReference; lastKnownFileType = wrapper.xcdatamodel; path = RedRace2.xcdatamodel; sourceTree = "<group>"; };
		26265E8D1FAB417800C04239 /* Assets.xcassets */ = {isa = PBXFileReference; lastKnownFileType = folder.assetcatalog; path = Assets.xcassets; sourceTree = "<group>"; };
		26265E901FAB417800C04239 /* Base */ = {isa = PBXFileReference; lastKnownFileType = file.storyboard; name = Base; path = Base.lproj/LaunchScreen.storyboard; sourceTree = "<group>"; };
		26265E921FAB417800C04239 /* Info.plist */ = {isa = PBXFileReference; lastKnownFileType = text.plist.xml; path = Info.plist; sourceTree = "<group>"; };
		26265E971FAB417800C04239 /* RedRace2Tests.xctest */ = {isa = PBXFileReference; explicitFileType = wrapper.cfbundle; includeInIndex = 0; path = RedRace2Tests.xctest; sourceTree = BUILT_PRODUCTS_DIR; };
		26265E9B1FAB417800C04239 /* RedRace2Tests.swift */ = {isa = PBXFileReference; lastKnownFileType = sourcecode.swift; path = RedRace2Tests.swift; sourceTree = "<group>"; };
		26265E9D1FAB417800C04239 /* Info.plist */ = {isa = PBXFileReference; lastKnownFileType = text.plist.xml; path = Info.plist; sourceTree = "<group>"; };
		26265EA21FAB417800C04239 /* RedRace2UITests.xctest */ = {isa = PBXFileReference; explicitFileType = wrapper.cfbundle; includeInIndex = 0; path = RedRace2UITests.xctest; sourceTree = BUILT_PRODUCTS_DIR; };
		26265EA61FAB417800C04239 /* RedRace2UITests.swift */ = {isa = PBXFileReference; lastKnownFileType = sourcecode.swift; path = RedRace2UITests.swift; sourceTree = "<group>"; };
		26265EA81FAB417800C04239 /* Info.plist */ = {isa = PBXFileReference; lastKnownFileType = text.plist.xml; path = Info.plist; sourceTree = "<group>"; };
		265D62CB1FC8434B00814FFC /* Athlete+CoreDataProperties.swift */ = {isa = PBXFileReference; lastKnownFileType = sourcecode.swift; path = "Athlete+CoreDataProperties.swift"; sourceTree = "<group>"; };
		26A561181FC4524500658508 /* AthleteDetailViewController.swift */ = {isa = PBXFileReference; lastKnownFileType = sourcecode.swift; path = AthleteDetailViewController.swift; sourceTree = "<group>"; };
		26AA28521FBA3CED001D6750 /* AthleteCell.swift */ = {isa = PBXFileReference; lastKnownFileType = sourcecode.swift; path = AthleteCell.swift; sourceTree = "<group>"; };
		26B7CB011FB9C11D00A9EEF0 /* Group+CoreDataClass.swift */ = {isa = PBXFileReference; lastKnownFileType = sourcecode.swift; path = "Group+CoreDataClass.swift"; sourceTree = "<group>"; };
		26B7CB021FB9C11D00A9EEF0 /* Group+CoreDataProperties.swift */ = {isa = PBXFileReference; lastKnownFileType = sourcecode.swift; path = "Group+CoreDataProperties.swift"; sourceTree = "<group>"; };
		26B7CB031FB9C11D00A9EEF0 /* Participant+CoreDataClass.swift */ = {isa = PBXFileReference; lastKnownFileType = sourcecode.swift; path = "Participant+CoreDataClass.swift"; sourceTree = "<group>"; };
		26B7CB041FB9C11D00A9EEF0 /* Participant+CoreDataProperties.swift */ = {isa = PBXFileReference; lastKnownFileType = sourcecode.swift; path = "Participant+CoreDataProperties.swift"; sourceTree = "<group>"; };
		26B7CB051FB9C11D00A9EEF0 /* Athlete+CoreDataClass.swift */ = {isa = PBXFileReference; lastKnownFileType = sourcecode.swift; path = "Athlete+CoreDataClass.swift"; sourceTree = "<group>"; };
		26B7CB071FB9C11D00A9EEF0 /* Race+CoreDataClass.swift */ = {isa = PBXFileReference; lastKnownFileType = sourcecode.swift; path = "Race+CoreDataClass.swift"; sourceTree = "<group>"; };
		26B7CB081FB9C11D00A9EEF0 /* Race+CoreDataProperties.swift */ = {isa = PBXFileReference; lastKnownFileType = sourcecode.swift; path = "Race+CoreDataProperties.swift"; sourceTree = "<group>"; };
		26B7CB151FB9CDD400A9EEF0 /* AthleteData.swift */ = {isa = PBXFileReference; lastKnownFileType = sourcecode.swift; path = AthleteData.swift; sourceTree = "<group>"; };
		26B7CB1A1FB9D86200A9EEF0 /* Date+Extension.swift */ = {isa = PBXFileReference; lastKnownFileType = sourcecode.swift; path = "Date+Extension.swift"; sourceTree = "<group>"; };
		26B7CB1C1FB9D8C000A9EEF0 /* Array+Extension.swift */ = {isa = PBXFileReference; lastKnownFileType = sourcecode.swift; path = "Array+Extension.swift"; sourceTree = "<group>"; };
		26B7CB1E1FB9D8CE00A9EEF0 /* Int+Extension.swift */ = {isa = PBXFileReference; lastKnownFileType = sourcecode.swift; path = "Int+Extension.swift"; sourceTree = "<group>"; };
		26E5028B1FACB3CE00BC33CF /* AthletesViewController.swift */ = {isa = PBXFileReference; lastKnownFileType = sourcecode.swift; path = AthletesViewController.swift; sourceTree = "<group>"; };
/* End PBXFileReference section */

/* Begin PBXFrameworksBuildPhase section */
		26265E7D1FAB417800C04239 /* Frameworks */ = {
			isa = PBXFrameworksBuildPhase;
			buildActionMask = 2147483647;
			files = (
			);
			runOnlyForDeploymentPostprocessing = 0;
		};
		26265E941FAB417800C04239 /* Frameworks */ = {
			isa = PBXFrameworksBuildPhase;
			buildActionMask = 2147483647;
			files = (
			);
			runOnlyForDeploymentPostprocessing = 0;
		};
		26265E9F1FAB417800C04239 /* Frameworks */ = {
			isa = PBXFrameworksBuildPhase;
			buildActionMask = 2147483647;
			files = (
			);
			runOnlyForDeploymentPostprocessing = 0;
		};
/* End PBXFrameworksBuildPhase section */

/* Begin PBXGroup section */
		26265E771FAB417700C04239 = {
			isa = PBXGroup;
			children = (
				26265E821FAB417800C04239 /* RedRace2 */,
				26265E9A1FAB417800C04239 /* RedRace2Tests */,
				26265EA51FAB417800C04239 /* RedRace2UITests */,
				26265E811FAB417800C04239 /* Products */,
			);
			sourceTree = "<group>";
		};
		26265E811FAB417800C04239 /* Products */ = {
			isa = PBXGroup;
			children = (
				26265E801FAB417800C04239 /* RedRace2.app */,
				26265E971FAB417800C04239 /* RedRace2Tests.xctest */,
				26265EA21FAB417800C04239 /* RedRace2UITests.xctest */,
			);
			name = Products;
			sourceTree = "<group>";
		};
		26265E821FAB417800C04239 /* RedRace2 */ = {
			isa = PBXGroup;
			children = (
				26AA28511FBA3C9D001D6750 /* Cells */,
				26B7CB191FB9D07900A9EEF0 /* Extensions */,
				26B7CB141FB9CD7F00A9EEF0 /* Example Data */,
				26B7CB131FB9CD5200A9EEF0 /* Core Data */,
				26265E831FAB417800C04239 /* AppDelegate.swift */,
				26E5028B1FACB3CE00BC33CF /* AthletesViewController.swift */,
				26A561181FC4524500658508 /* AthleteDetailViewController.swift */,
				26265E871FAB417800C04239 /* Main.storyboard */,
				26265E8D1FAB417800C04239 /* Assets.xcassets */,
				26265E8F1FAB417800C04239 /* LaunchScreen.storyboard */,
				26265E921FAB417800C04239 /* Info.plist */,
				26265E8A1FAB417800C04239 /* RedRace2.xcdatamodeld */,
			);
			path = RedRace2;
			sourceTree = "<group>";
		};
		26265E9A1FAB417800C04239 /* RedRace2Tests */ = {
			isa = PBXGroup;
			children = (
				26265E9B1FAB417800C04239 /* RedRace2Tests.swift */,
				26265E9D1FAB417800C04239 /* Info.plist */,
			);
			path = RedRace2Tests;
			sourceTree = "<group>";
		};
		26265EA51FAB417800C04239 /* RedRace2UITests */ = {
			isa = PBXGroup;
			children = (
				26265EA61FAB417800C04239 /* RedRace2UITests.swift */,
				26265EA81FAB417800C04239 /* Info.plist */,
			);
			path = RedRace2UITests;
			sourceTree = "<group>";
		};
		26AA28511FBA3C9D001D6750 /* Cells */ = {
			isa = PBXGroup;
			children = (
				26AA28521FBA3CED001D6750 /* AthleteCell.swift */,
			);
			path = Cells;
			sourceTree = "<group>";
		};
		26B7CB131FB9CD5200A9EEF0 /* Core Data */ = {
			isa = PBXGroup;
			children = (
				26B7CB011FB9C11D00A9EEF0 /* Group+CoreDataClass.swift */,
				26B7CB021FB9C11D00A9EEF0 /* Group+CoreDataProperties.swift */,
				26B7CB031FB9C11D00A9EEF0 /* Participant+CoreDataClass.swift */,
				26B7CB041FB9C11D00A9EEF0 /* Participant+CoreDataProperties.swift */,
				26B7CB051FB9C11D00A9EEF0 /* Athlete+CoreDataClass.swift */,
				265D62CB1FC8434B00814FFC /* Athlete+CoreDataProperties.swift */,
				26B7CB071FB9C11D00A9EEF0 /* Race+CoreDataClass.swift */,
				26B7CB081FB9C11D00A9EEF0 /* Race+CoreDataProperties.swift */,
			);
			path = "Core Data";
			sourceTree = "<group>";
		};
		26B7CB141FB9CD7F00A9EEF0 /* Example Data */ = {
			isa = PBXGroup;
			children = (
				26B7CB151FB9CDD400A9EEF0 /* AthleteData.swift */,
			);
			path = "Example Data";
			sourceTree = "<group>";
		};
		26B7CB191FB9D07900A9EEF0 /* Extensions */ = {
			isa = PBXGroup;
			children = (
				26B7CB1A1FB9D86200A9EEF0 /* Date+Extension.swift */,
				26B7CB1C1FB9D8C000A9EEF0 /* Array+Extension.swift */,
				26B7CB1E1FB9D8CE00A9EEF0 /* Int+Extension.swift */,
			);
			path = Extensions;
			sourceTree = "<group>";
		};
/* End PBXGroup section */

/* Begin PBXNativeTarget section */
		26265E7F1FAB417800C04239 /* RedRace2 */ = {
			isa = PBXNativeTarget;
			buildConfigurationList = 26265EAB1FAB417800C04239 /* Build configuration list for PBXNativeTarget "RedRace2" */;
			buildPhases = (
				26265E7C1FAB417800C04239 /* Sources */,
				26265E7D1FAB417800C04239 /* Frameworks */,
				26265E7E1FAB417800C04239 /* Resources */,
			);
			buildRules = (
			);
			dependencies = (
			);
			name = RedRace2;
			productName = RedRace2;
			productReference = 26265E801FAB417800C04239 /* RedRace2.app */;
			productType = "com.apple.product-type.application";
		};
		26265E961FAB417800C04239 /* RedRace2Tests */ = {
			isa = PBXNativeTarget;
			buildConfigurationList = 26265EAE1FAB417800C04239 /* Build configuration list for PBXNativeTarget "RedRace2Tests" */;
			buildPhases = (
				26265E931FAB417800C04239 /* Sources */,
				26265E941FAB417800C04239 /* Frameworks */,
				26265E951FAB417800C04239 /* Resources */,
			);
			buildRules = (
			);
			dependencies = (
				26265E991FAB417800C04239 /* PBXTargetDependency */,
			);
			name = RedRace2Tests;
			productName = RedRace2Tests;
			productReference = 26265E971FAB417800C04239 /* RedRace2Tests.xctest */;
			productType = "com.apple.product-type.bundle.unit-test";
		};
		26265EA11FAB417800C04239 /* RedRace2UITests */ = {
			isa = PBXNativeTarget;
			buildConfigurationList = 26265EB11FAB417800C04239 /* Build configuration list for PBXNativeTarget "RedRace2UITests" */;
			buildPhases = (
				26265E9E1FAB417800C04239 /* Sources */,
				26265E9F1FAB417800C04239 /* Frameworks */,
				26265EA01FAB417800C04239 /* Resources */,
			);
			buildRules = (
			);
			dependencies = (
				26265EA41FAB417800C04239 /* PBXTargetDependency */,
			);
			name = RedRace2UITests;
			productName = RedRace2UITests;
			productReference = 26265EA21FAB417800C04239 /* RedRace2UITests.xctest */;
			productType = "com.apple.product-type.bundle.ui-testing";
		};
/* End PBXNativeTarget section */

/* Begin PBXProject section */
		26265E781FAB417700C04239 /* Project object */ = {
			isa = PBXProject;
			attributes = {
				LastSwiftUpdateCheck = 0900;
				LastUpgradeCheck = 0900;
				ORGANIZATIONNAME = "Sandy Stehr";
				TargetAttributes = {
					26265E7F1FAB417800C04239 = {
						CreatedOnToolsVersion = 9.0.1;
						ProvisioningStyle = Automatic;
					};
					26265E961FAB417800C04239 = {
						CreatedOnToolsVersion = 9.0.1;
						ProvisioningStyle = Automatic;
						TestTargetID = 26265E7F1FAB417800C04239;
					};
					26265EA11FAB417800C04239 = {
						CreatedOnToolsVersion = 9.0.1;
						ProvisioningStyle = Automatic;
						TestTargetID = 26265E7F1FAB417800C04239;
					};
				};
			};
			buildConfigurationList = 26265E7B1FAB417700C04239 /* Build configuration list for PBXProject "RedRace2" */;
			compatibilityVersion = "Xcode 8.0";
			developmentRegion = en;
			hasScannedForEncodings = 0;
			knownRegions = (
				en,
				Base,
			);
			mainGroup = 26265E771FAB417700C04239;
			productRefGroup = 26265E811FAB417800C04239 /* Products */;
			projectDirPath = "";
			projectRoot = "";
			targets = (
				26265E7F1FAB417800C04239 /* RedRace2 */,
				26265E961FAB417800C04239 /* RedRace2Tests */,
				26265EA11FAB417800C04239 /* RedRace2UITests */,
			);
		};
/* End PBXProject section */

/* Begin PBXResourcesBuildPhase section */
		26265E7E1FAB417800C04239 /* Resources */ = {
			isa = PBXResourcesBuildPhase;
			buildActionMask = 2147483647;
			files = (
				26265E911FAB417800C04239 /* LaunchScreen.storyboard in Resources */,
				26265E8E1FAB417800C04239 /* Assets.xcassets in Resources */,
				26265E891FAB417800C04239 /* Main.storyboard in Resources */,
			);
			runOnlyForDeploymentPostprocessing = 0;
		};
		26265E951FAB417800C04239 /* Resources */ = {
			isa = PBXResourcesBuildPhase;
			buildActionMask = 2147483647;
			files = (
			);
			runOnlyForDeploymentPostprocessing = 0;
		};
		26265EA01FAB417800C04239 /* Resources */ = {
			isa = PBXResourcesBuildPhase;
			buildActionMask = 2147483647;
			files = (
			);
			runOnlyForDeploymentPostprocessing = 0;
		};
/* End PBXResourcesBuildPhase section */

/* Begin PBXSourcesBuildPhase section */
		26265E7C1FAB417800C04239 /* Sources */ = {
			isa = PBXSourcesBuildPhase;
			buildActionMask = 2147483647;
			files = (
				26B7CB1F1FB9D8CE00A9EEF0 /* Int+Extension.swift in Sources */,
				26B7CB0F1FB9C11D00A9EEF0 /* Race+CoreDataClass.swift in Sources */,
				26265E8C1FAB417800C04239 /* RedRace2.xcdatamodeld in Sources */,
				26A561191FC4524500658508 /* AthleteDetailViewController.swift in Sources */,
				26AA28531FBA3CED001D6750 /* AthleteCell.swift in Sources */,
				26B7CB1B1FB9D86200A9EEF0 /* Date+Extension.swift in Sources */,
				26B7CB0D1FB9C11D00A9EEF0 /* Athlete+CoreDataClass.swift in Sources */,
				26B7CB091FB9C11D00A9EEF0 /* Group+CoreDataClass.swift in Sources */,
				26B7CB161FB9CDD400A9EEF0 /* AthleteData.swift in Sources */,
				26B7CB0A1FB9C11D00A9EEF0 /* Group+CoreDataProperties.swift in Sources */,
				26B7CB0C1FB9C11D00A9EEF0 /* Participant+CoreDataProperties.swift in Sources */,
				265D62CD1FC8434B00814FFC /* Athlete+CoreDataProperties.swift in Sources */,
				26B7CB101FB9C11D00A9EEF0 /* Race+CoreDataProperties.swift in Sources */,
				26E5028C1FACB3CE00BC33CF /* AthletesViewController.swift in Sources */,
				26B7CB1D1FB9D8C000A9EEF0 /* Array+Extension.swift in Sources */,
				26265E841FAB417800C04239 /* AppDelegate.swift in Sources */,
				26B7CB0B1FB9C11D00A9EEF0 /* Participant+CoreDataClass.swift in Sources */,
			);
			runOnlyForDeploymentPostprocessing = 0;
		};
		26265E931FAB417800C04239 /* Sources */ = {
			isa = PBXSourcesBuildPhase;
			buildActionMask = 2147483647;
			files = (
				26265E9C1FAB417800C04239 /* RedRace2Tests.swift in Sources */,
			);
			runOnlyForDeploymentPostprocessing = 0;
		};
		26265E9E1FAB417800C04239 /* Sources */ = {
			isa = PBXSourcesBuildPhase;
			buildActionMask = 2147483647;
			files = (
				26265EA71FAB417800C04239 /* RedRace2UITests.swift in Sources */,
			);
			runOnlyForDeploymentPostprocessing = 0;
		};
/* End PBXSourcesBuildPhase section */

/* Begin PBXTargetDependency section */
		26265E991FAB417800C04239 /* PBXTargetDependency */ = {
			isa = PBXTargetDependency;
			target = 26265E7F1FAB417800C04239 /* RedRace2 */;
			targetProxy = 26265E981FAB417800C04239 /* PBXContainerItemProxy */;
		};
		26265EA41FAB417800C04239 /* PBXTargetDependency */ = {
			isa = PBXTargetDependency;
			target = 26265E7F1FAB417800C04239 /* RedRace2 */;
			targetProxy = 26265EA31FAB417800C04239 /* PBXContainerItemProxy */;
		};
/* End PBXTargetDependency section */

/* Begin PBXVariantGroup section */
		26265E871FAB417800C04239 /* Main.storyboard */ = {
			isa = PBXVariantGroup;
			children = (
				26265E881FAB417800C04239 /* Base */,
			);
			name = Main.storyboard;
			sourceTree = "<group>";
		};
		26265E8F1FAB417800C04239 /* LaunchScreen.storyboard */ = {
			isa = PBXVariantGroup;
			children = (
				26265E901FAB417800C04239 /* Base */,
			);
			name = LaunchScreen.storyboard;
			sourceTree = "<group>";
		};
/* End PBXVariantGroup section */

/* Begin XCBuildConfiguration section */
		26265EA91FAB417800C04239 /* Debug */ = {
			isa = XCBuildConfiguration;
			buildSettings = {
				ALWAYS_SEARCH_USER_PATHS = NO;
				CLANG_ANALYZER_NONNULL = YES;
				CLANG_ANALYZER_NUMBER_OBJECT_CONVERSION = YES_AGGRESSIVE;
				CLANG_CXX_LANGUAGE_STANDARD = "gnu++14";
				CLANG_CXX_LIBRARY = "libc++";
				CLANG_ENABLE_MODULES = YES;
				CLANG_ENABLE_OBJC_ARC = YES;
				CLANG_WARN_BLOCK_CAPTURE_AUTORELEASING = YES;
				CLANG_WARN_BOOL_CONVERSION = YES;
				CLANG_WARN_COMMA = YES;
				CLANG_WARN_CONSTANT_CONVERSION = YES;
				CLANG_WARN_DIRECT_OBJC_ISA_USAGE = YES_ERROR;
				CLANG_WARN_DOCUMENTATION_COMMENTS = YES;
				CLANG_WARN_EMPTY_BODY = YES;
				CLANG_WARN_ENUM_CONVERSION = YES;
				CLANG_WARN_INFINITE_RECURSION = YES;
				CLANG_WARN_INT_CONVERSION = YES;
				CLANG_WARN_NON_LITERAL_NULL_CONVERSION = YES;
				CLANG_WARN_OBJC_LITERAL_CONVERSION = YES;
				CLANG_WARN_OBJC_ROOT_CLASS = YES_ERROR;
				CLANG_WARN_RANGE_LOOP_ANALYSIS = YES;
				CLANG_WARN_STRICT_PROTOTYPES = YES;
				CLANG_WARN_SUSPICIOUS_MOVE = YES;
				CLANG_WARN_UNGUARDED_AVAILABILITY = YES_AGGRESSIVE;
				CLANG_WARN_UNREACHABLE_CODE = YES;
				CLANG_WARN__DUPLICATE_METHOD_MATCH = YES;
				CODE_SIGN_IDENTITY = "iPhone Developer";
				COPY_PHASE_STRIP = NO;
				DEBUG_INFORMATION_FORMAT = dwarf;
				ENABLE_STRICT_OBJC_MSGSEND = YES;
				ENABLE_TESTABILITY = YES;
				GCC_C_LANGUAGE_STANDARD = gnu11;
				GCC_DYNAMIC_NO_PIC = NO;
				GCC_NO_COMMON_BLOCKS = YES;
				GCC_OPTIMIZATION_LEVEL = 0;
				GCC_PREPROCESSOR_DEFINITIONS = (
					"DEBUG=1",
					"$(inherited)",
				);
				GCC_WARN_64_TO_32_BIT_CONVERSION = YES;
				GCC_WARN_ABOUT_RETURN_TYPE = YES_ERROR;
				GCC_WARN_UNDECLARED_SELECTOR = YES;
				GCC_WARN_UNINITIALIZED_AUTOS = YES_AGGRESSIVE;
				GCC_WARN_UNUSED_FUNCTION = YES;
				GCC_WARN_UNUSED_VARIABLE = YES;
				IPHONEOS_DEPLOYMENT_TARGET = 11.0;
				MTL_ENABLE_DEBUG_INFO = YES;
				ONLY_ACTIVE_ARCH = YES;
				SDKROOT = iphoneos;
				SWIFT_ACTIVE_COMPILATION_CONDITIONS = DEBUG;
				SWIFT_OPTIMIZATION_LEVEL = "-Onone";
			};
			name = Debug;
		};
		26265EAA1FAB417800C04239 /* Release */ = {
			isa = XCBuildConfiguration;
			buildSettings = {
				ALWAYS_SEARCH_USER_PATHS = NO;
				CLANG_ANALYZER_NONNULL = YES;
				CLANG_ANALYZER_NUMBER_OBJECT_CONVERSION = YES_AGGRESSIVE;
				CLANG_CXX_LANGUAGE_STANDARD = "gnu++14";
				CLANG_CXX_LIBRARY = "libc++";
				CLANG_ENABLE_MODULES = YES;
				CLANG_ENABLE_OBJC_ARC = YES;
				CLANG_WARN_BLOCK_CAPTURE_AUTORELEASING = YES;
				CLANG_WARN_BOOL_CONVERSION = YES;
				CLANG_WARN_COMMA = YES;
				CLANG_WARN_CONSTANT_CONVERSION = YES;
				CLANG_WARN_DIRECT_OBJC_ISA_USAGE = YES_ERROR;
				CLANG_WARN_DOCUMENTATION_COMMENTS = YES;
				CLANG_WARN_EMPTY_BODY = YES;
				CLANG_WARN_ENUM_CONVERSION = YES;
				CLANG_WARN_INFINITE_RECURSION = YES;
				CLANG_WARN_INT_CONVERSION = YES;
				CLANG_WARN_NON_LITERAL_NULL_CONVERSION = YES;
				CLANG_WARN_OBJC_LITERAL_CONVERSION = YES;
				CLANG_WARN_OBJC_ROOT_CLASS = YES_ERROR;
				CLANG_WARN_RANGE_LOOP_ANALYSIS = YES;
				CLANG_WARN_STRICT_PROTOTYPES = YES;
				CLANG_WARN_SUSPICIOUS_MOVE = YES;
				CLANG_WARN_UNGUARDED_AVAILABILITY = YES_AGGRESSIVE;
				CLANG_WARN_UNREACHABLE_CODE = YES;
				CLANG_WARN__DUPLICATE_METHOD_MATCH = YES;
				CODE_SIGN_IDENTITY = "iPhone Developer";
				COPY_PHASE_STRIP = NO;
				DEBUG_INFORMATION_FORMAT = "dwarf-with-dsym";
				ENABLE_NS_ASSERTIONS = NO;
				ENABLE_STRICT_OBJC_MSGSEND = YES;
				GCC_C_LANGUAGE_STANDARD = gnu11;
				GCC_NO_COMMON_BLOCKS = YES;
				GCC_WARN_64_TO_32_BIT_CONVERSION = YES;
				GCC_WARN_ABOUT_RETURN_TYPE = YES_ERROR;
				GCC_WARN_UNDECLARED_SELECTOR = YES;
				GCC_WARN_UNINITIALIZED_AUTOS = YES_AGGRESSIVE;
				GCC_WARN_UNUSED_FUNCTION = YES;
				GCC_WARN_UNUSED_VARIABLE = YES;
				IPHONEOS_DEPLOYMENT_TARGET = 11.0;
				MTL_ENABLE_DEBUG_INFO = NO;
				SDKROOT = iphoneos;
				SWIFT_OPTIMIZATION_LEVEL = "-Owholemodule";
				VALIDATE_PRODUCT = YES;
			};
			name = Release;
		};
		26265EAC1FAB417800C04239 /* Debug */ = {
			isa = XCBuildConfiguration;
			buildSettings = {
				ASSETCATALOG_COMPILER_APPICON_NAME = AppIcon;
				CODE_SIGN_STYLE = Automatic;
				DEVELOPMENT_TEAM = UFQ84588AE;
				INFOPLIST_FILE = RedRace2/Info.plist;
				LD_RUNPATH_SEARCH_PATHS = "$(inherited) @executable_path/Frameworks";
				PRODUCT_BUNDLE_IDENTIFIER = redheads.de.RedRace2;
				PRODUCT_NAME = "$(TARGET_NAME)";
				SWIFT_VERSION = 4.0;
				TARGETED_DEVICE_FAMILY = "1,2";
			};
			name = Debug;
		};
		26265EAD1FAB417800C04239 /* Release */ = {
			isa = XCBuildConfiguration;
			buildSettings = {
				ASSETCATALOG_COMPILER_APPICON_NAME = AppIcon;
				CODE_SIGN_STYLE = Automatic;
				DEVELOPMENT_TEAM = UFQ84588AE;
				INFOPLIST_FILE = RedRace2/Info.plist;
				LD_RUNPATH_SEARCH_PATHS = "$(inherited) @executable_path/Frameworks";
				PRODUCT_BUNDLE_IDENTIFIER = redheads.de.RedRace2;
				PRODUCT_NAME = "$(TARGET_NAME)";
				SWIFT_VERSION = 4.0;
				TARGETED_DEVICE_FAMILY = "1,2";
			};
			name = Release;
		};
		26265EAF1FAB417800C04239 /* Debug */ = {
			isa = XCBuildConfiguration;
			buildSettings = {
				ALWAYS_EMBED_SWIFT_STANDARD_LIBRARIES = YES;
				BUNDLE_LOADER = "$(TEST_HOST)";
				CODE_SIGN_STYLE = Automatic;
				DEVELOPMENT_TEAM = UFQ84588AE;
				INFOPLIST_FILE = RedRace2Tests/Info.plist;
				LD_RUNPATH_SEARCH_PATHS = "$(inherited) @executable_path/Frameworks @loader_path/Frameworks";
				PRODUCT_BUNDLE_IDENTIFIER = redheads.de.RedRace2Tests;
				PRODUCT_NAME = "$(TARGET_NAME)";
				SWIFT_VERSION = 4.0;
				TARGETED_DEVICE_FAMILY = "1,2";
				TEST_HOST = "$(BUILT_PRODUCTS_DIR)/RedRace2.app/RedRace2";
			};
			name = Debug;
		};
		26265EB01FAB417800C04239 /* Release */ = {
			isa = XCBuildConfiguration;
			buildSettings = {
				ALWAYS_EMBED_SWIFT_STANDARD_LIBRARIES = YES;
				BUNDLE_LOADER = "$(TEST_HOST)";
				CODE_SIGN_STYLE = Automatic;
				DEVELOPMENT_TEAM = UFQ84588AE;
				INFOPLIST_FILE = RedRace2Tests/Info.plist;
				LD_RUNPATH_SEARCH_PATHS = "$(inherited) @executable_path/Frameworks @loader_path/Frameworks";
				PRODUCT_BUNDLE_IDENTIFIER = redheads.de.RedRace2Tests;
				PRODUCT_NAME = "$(TARGET_NAME)";
				SWIFT_VERSION = 4.0;
				TARGETED_DEVICE_FAMILY = "1,2";
				TEST_HOST = "$(BUILT_PRODUCTS_DIR)/RedRace2.app/RedRace2";
			};
			name = Release;
		};
		26265EB21FAB417800C04239 /* Debug */ = {
			isa = XCBuildConfiguration;
			buildSettings = {
				ALWAYS_EMBED_SWIFT_STANDARD_LIBRARIES = YES;
				CODE_SIGN_STYLE = Automatic;
				DEVELOPMENT_TEAM = UFQ84588AE;
				INFOPLIST_FILE = RedRace2UITests/Info.plist;
				LD_RUNPATH_SEARCH_PATHS = "$(inherited) @executable_path/Frameworks @loader_path/Frameworks";
				PRODUCT_BUNDLE_IDENTIFIER = redheads.de.RedRace2UITests;
				PRODUCT_NAME = "$(TARGET_NAME)";
				SWIFT_VERSION = 4.0;
				TARGETED_DEVICE_FAMILY = "1,2";
				TEST_TARGET_NAME = RedRace2;
			};
			name = Debug;
		};
		26265EB31FAB417800C04239 /* Release */ = {
			isa = XCBuildConfiguration;
			buildSettings = {
				ALWAYS_EMBED_SWIFT_STANDARD_LIBRARIES = YES;
				CODE_SIGN_STYLE = Automatic;
				DEVELOPMENT_TEAM = UFQ84588AE;
				INFOPLIST_FILE = RedRace2UITests/Info.plist;
				LD_RUNPATH_SEARCH_PATHS = "$(inherited) @executable_path/Frameworks @loader_path/Frameworks";
				PRODUCT_BUNDLE_IDENTIFIER = redheads.de.RedRace2UITests;
				PRODUCT_NAME = "$(TARGET_NAME)";
				SWIFT_VERSION = 4.0;
				TARGETED_DEVICE_FAMILY = "1,2";
				TEST_TARGET_NAME = RedRace2;
			};
			name = Release;
		};
/* End XCBuildConfiguration section */

/* Begin XCConfigurationList section */
		26265E7B1FAB417700C04239 /* Build configuration list for PBXProject "RedRace2" */ = {
			isa = XCConfigurationList;
			buildConfigurations = (
				26265EA91FAB417800C04239 /* Debug */,
				26265EAA1FAB417800C04239 /* Release */,
			);
			defaultConfigurationIsVisible = 0;
			defaultConfigurationName = Release;
		};
		26265EAB1FAB417800C04239 /* Build configuration list for PBXNativeTarget "RedRace2" */ = {
			isa = XCConfigurationList;
			buildConfigurations = (
				26265EAC1FAB417800C04239 /* Debug */,
				26265EAD1FAB417800C04239 /* Release */,
			);
			defaultConfigurationIsVisible = 0;
			defaultConfigurationName = Release;
		};
		26265EAE1FAB417800C04239 /* Build configuration list for PBXNativeTarget "RedRace2Tests" */ = {
			isa = XCConfigurationList;
			buildConfigurations = (
				26265EAF1FAB417800C04239 /* Debug */,
				26265EB01FAB417800C04239 /* Release */,
			);
			defaultConfigurationIsVisible = 0;
			defaultConfigurationName = Release;
		};
		26265EB11FAB417800C04239 /* Build configuration list for PBXNativeTarget "RedRace2UITests" */ = {
			isa = XCConfigurationList;
			buildConfigurations = (
				26265EB21FAB417800C04239 /* Debug */,
				26265EB31FAB417800C04239 /* Release */,
			);
			defaultConfigurationIsVisible = 0;
			defaultConfigurationName = Release;
		};
/* End XCConfigurationList section */

/* Begin XCVersionGroup section */
		26265E8A1FAB417800C04239 /* RedRace2.xcdatamodeld */ = {
			isa = XCVersionGroup;
			children = (
				26265E8B1FAB417800C04239 /* RedRace2.xcdatamodel */,
			);
			currentVersion = 26265E8B1FAB417800C04239 /* RedRace2.xcdatamodel */;
			path = RedRace2.xcdatamodeld;
			sourceTree = "<group>";
			versionGroupType = wrapper.xcdatamodel;
		};
/* End XCVersionGroup section */
	};
	rootObject = 26265E781FAB417700C04239 /* Project object */;
}
