// !$*UTF8*$!
{
	archiveVersion = 1;
	classes = {
	};
	objectVersion = 48;
	objects = {

/* Begin PBXBuildFile section */
		2671B4871FB482F400896472 /* AppDelegate.swift in Sources */ = {isa = PBXBuildFile; fileRef = 2671B4861FB482F400896472 /* AppDelegate.swift */; };
		2671B4891FB482F400896472 /* ViewController.swift in Sources */ = {isa = PBXBuildFile; fileRef = 2671B4881FB482F400896472 /* ViewController.swift */; };
		2671B48C1FB482F400896472 /* Main.storyboard in Resources */ = {isa = PBXBuildFile; fileRef = 2671B48A1FB482F400896472 /* Main.storyboard */; };
		2671B48F1FB482F400896472 /* bla.xcdatamodeld in Sources */ = {isa = PBXBuildFile; fileRef = 2671B48D1FB482F400896472 /* bla.xcdatamodeld */; };
		2671B4911FB482F400896472 /* Assets.xcassets in Resources */ = {isa = PBXBuildFile; fileRef = 2671B4901FB482F400896472 /* Assets.xcassets */; };
		2671B4941FB482F400896472 /* LaunchScreen.storyboard in Resources */ = {isa = PBXBuildFile; fileRef = 2671B4921FB482F400896472 /* LaunchScreen.storyboard */; };
/* End PBXBuildFile section */

/* Begin PBXFileReference section */
		2671B4831FB482F400896472 /* bla.app */ = {isa = PBXFileReference; explicitFileType = wrapper.application; includeInIndex = 0; path = bla.app; sourceTree = BUILT_PRODUCTS_DIR; };
		2671B4861FB482F400896472 /* AppDelegate.swift */ = {isa = PBXFileReference; lastKnownFileType = sourcecode.swift; path = AppDelegate.swift; sourceTree = "<group>"; };
		2671B4881FB482F400896472 /* ViewController.swift */ = {isa = PBXFileReference; lastKnownFileType = sourcecode.swift; path = ViewController.swift; sourceTree = "<group>"; };
		2671B48B1FB482F400896472 /* Base */ = {isa = PBXFileReference; lastKnownFileType = file.storyboard; name = Base; path = Base.lproj/Main.storyboard; sourceTree = "<group>"; };
		2671B48E1FB482F400896472 /* bla.xcdatamodel */ = {isa = PBXFileReference; lastKnownFileType = wrapper.xcdatamodel; path = bla.xcdatamodel; sourceTree = "<group>"; };
		2671B4901FB482F400896472 /* Assets.xcassets */ = {isa = PBXFileReference; lastKnownFileType = folder.assetcatalog; path = Assets.xcassets; sourceTree = "<group>"; };
		2671B4931FB482F400896472 /* Base */ = {isa = PBXFileReference; lastKnownFileType = file.storyboard; name = Base; path = Base.lproj/LaunchScreen.storyboard; sourceTree = "<group>"; };
		2671B4951FB482F400896472 /* Info.plist */ = {isa = PBXFileReference; lastKnownFileType = text.plist.xml; path = Info.plist; sourceTree = "<group>"; };
/* End PBXFileReference section */

/* Begin PBXFrameworksBuildPhase section */
		2671B4801FB482F400896472 /* Frameworks */ = {
			isa = PBXFrameworksBuildPhase;
			buildActionMask = 2147483647;
			files = (
			);
			runOnlyForDeploymentPostprocessing = 0;
		};
/* End PBXFrameworksBuildPhase section */

/* Begin PBXGroup section */
		2671B47A1FB482F400896472 = {
			isa = PBXGroup;
			children = (
				2671B4851FB482F400896472 /* bla */,
				2671B4841FB482F400896472 /* Products */,
			);
			sourceTree = "<group>";
		};
		2671B4841FB482F400896472 /* Products */ = {
			isa = PBXGroup;
			children = (
				2671B4831FB482F400896472 /* bla.app */,
			);
			name = Products;
			sourceTree = "<group>";
		};
		2671B4851FB482F400896472 /* bla */ = {
			isa = PBXGroup;
			children = (
				2671B4861FB482F400896472 /* AppDelegate.swift */,
				2671B4881FB482F400896472 /* ViewController.swift */,
				2671B48A1FB482F400896472 /* Main.storyboard */,
				2671B4901FB482F400896472 /* Assets.xcassets */,
				2671B4921FB482F400896472 /* LaunchScreen.storyboard */,
				2671B4951FB482F400896472 /* Info.plist */,
				2671B48D1FB482F400896472 /* bla.xcdatamodeld */,
			);
			path = bla;
			sourceTree = "<group>";
		};
/* End PBXGroup section */

/* Begin PBXNativeTarget section */
		2671B4821FB482F400896472 /* bla */ = {
			isa = PBXNativeTarget;
			buildConfigurationList = 2671B4981FB482F400896472 /* Build configuration list for PBXNativeTarget "bla" */;
			buildPhases = (
				2671B47F1FB482F400896472 /* Sources */,
				2671B4801FB482F400896472 /* Frameworks */,
				2671B4811FB482F400896472 /* Resources */,
			);
			buildRules = (
			);
			dependencies = (
			);
			name = bla;
			productName = bla;
			productReference = 2671B4831FB482F400896472 /* bla.app */;
			productType = "com.apple.product-type.application";
		};
/* End PBXNativeTarget section */

/* Begin PBXProject section */
		2671B47B1FB482F400896472 /* Project object */ = {
			isa = PBXProject;
			attributes = {
				LastSwiftUpdateCheck = 0910;
				LastUpgradeCheck = 0910;
				ORGANIZATIONNAME = "Sandy Stehr";
				TargetAttributes = {
					2671B4821FB482F400896472 = {
						CreatedOnToolsVersion = 9.1;
						ProvisioningStyle = Automatic;
					};
				};
			};
			buildConfigurationList = 2671B47E1FB482F400896472 /* Build configuration list for PBXProject "bla" */;
			compatibilityVersion = "Xcode 8.0";
			developmentRegion = en;
			hasScannedForEncodings = 0;
			knownRegions = (
				en,
				Base,
			);
			mainGroup = 2671B47A1FB482F400896472;
			productRefGroup = 2671B4841FB482F400896472 /* Products */;
			projectDirPath = "";
			projectRoot = "";
			targets = (
				2671B4821FB482F400896472 /* bla */,
			);
		};
/* End PBXProject section */

/* Begin PBXResourcesBuildPhase section */
		2671B4811FB482F400896472 /* Resources */ = {
			isa = PBXResourcesBuildPhase;
			buildActionMask = 2147483647;
			files = (
				2671B4941FB482F400896472 /* LaunchScreen.storyboard in Resources */,
				2671B4911FB482F400896472 /* Assets.xcassets in Resources */,
				2671B48C1FB482F400896472 /* Main.storyboard in Resources */,
			);
			runOnlyForDeploymentPostprocessing = 0;
		};
/* End PBXResourcesBuildPhase section */

/* Begin PBXSourcesBuildPhase section */
		2671B47F1FB482F400896472 /* Sources */ = {
			isa = PBXSourcesBuildPhase;
			buildActionMask = 2147483647;
			files = (
				2671B48F1FB482F400896472 /* bla.xcdatamodeld in Sources */,
				2671B4891FB482F400896472 /* ViewController.swift in Sources */,
				2671B4871FB482F400896472 /* AppDelegate.swift in Sources */,
			);
			runOnlyForDeploymentPostprocessing = 0;
		};
/* End PBXSourcesBuildPhase section */

/* Begin PBXVariantGroup section */
		2671B48A1FB482F400896472 /* Main.storyboard */ = {
			isa = PBXVariantGroup;
			children = (
				2671B48B1FB482F400896472 /* Base */,
			);
			name = Main.storyboard;
			sourceTree = "<group>";
		};
		2671B4921FB482F400896472 /* LaunchScreen.storyboard */ = {
			isa = PBXVariantGroup;
			children = (
				2671B4931FB482F400896472 /* Base */,
			);
			name = LaunchScreen.storyboard;
			sourceTree = "<group>";
		};
/* End PBXVariantGroup section */

/* Begin XCBuildConfiguration section */
		2671B4961FB482F400896472 /* Debug */ = {
			isa = XCBuildConfiguration;
			buildSettings = {
				ALWAYS_SEARCH_USER_PATHS = NO;
				CLANG_ANALYZER_NONNULL = YES;
				CLANG_ANALYZER_NUMBER_OBJECT_CONVERSION = YES_AGGRESSIVE;
				CLANG_CXX_LANGUAGE_STANDARD = "gnu++14";
				CLANG_CXX_LIBRARY = "libc++";
				CLANG_ENABLE_MODULES = YES;
				CLANG_ENABLE_OBJC_ARC = YES;
				CLANG_WARN_BLOCK_CAPTURE_AUTORELEASING = YES;
				CLANG_WARN_BOOL_CONVERSION = YES;
				CLANG_WARN_COMMA = YES;
				CLANG_WARN_CONSTANT_CONVERSION = YES;
				CLANG_WARN_DIRECT_OBJC_ISA_USAGE = YES_ERROR;
				CLANG_WARN_DOCUMENTATION_COMMENTS = YES;
				CLANG_WARN_EMPTY_BODY = YES;
				CLANG_WARN_ENUM_CONVERSION = YES;
				CLANG_WARN_INFINITE_RECURSION = YES;
				CLANG_WARN_INT_CONVERSION = YES;
				CLANG_WARN_NON_LITERAL_NULL_CONVERSION = YES;
				CLANG_WARN_OBJC_LITERAL_CONVERSION = YES;
				CLANG_WARN_OBJC_ROOT_CLASS = YES_ERROR;
				CLANG_WARN_RANGE_LOOP_ANALYSIS = YES;
				CLANG_WARN_STRICT_PROTOTYPES = YES;
				CLANG_WARN_SUSPICIOUS_MOVE = YES;
				CLANG_WARN_UNGUARDED_AVAILABILITY = YES_AGGRESSIVE;
				CLANG_WARN_UNREACHABLE_CODE = YES;
				CLANG_WARN__DUPLICATE_METHOD_MATCH = YES;
				CODE_SIGN_IDENTITY = "iPhone Developer";
				COPY_PHASE_STRIP = NO;
				DEBUG_INFORMATION_FORMAT = dwarf;
				ENABLE_STRICT_OBJC_MSGSEND = YES;
				ENABLE_TESTABILITY = YES;
				GCC_C_LANGUAGE_STANDARD = gnu11;
				GCC_DYNAMIC_NO_PIC = NO;
				GCC_NO_COMMON_BLOCKS = YES;
				GCC_OPTIMIZATION_LEVEL = 0;
				GCC_PREPROCESSOR_DEFINITIONS = (
					"DEBUG=1",
					"$(inherited)",
				);
				GCC_WARN_64_TO_32_BIT_CONVERSION = YES;
				GCC_WARN_ABOUT_RETURN_TYPE = YES_ERROR;
				GCC_WARN_UNDECLARED_SELECTOR = YES;
				GCC_WARN_UNINITIALIZED_AUTOS = YES_AGGRESSIVE;
				GCC_WARN_UNUSED_FUNCTION = YES;
				GCC_WARN_UNUSED_VARIABLE = YES;
				IPHONEOS_DEPLOYMENT_TARGET = 11.1;
				MTL_ENABLE_DEBUG_INFO = YES;
				ONLY_ACTIVE_ARCH = YES;
				SDKROOT = iphoneos;
				SWIFT_ACTIVE_COMPILATION_CONDITIONS = DEBUG;
				SWIFT_OPTIMIZATION_LEVEL = "-Onone";
			};
			name = Debug;
		};
		2671B4971FB482F400896472 /* Release */ = {
			isa = XCBuildConfiguration;
			buildSettings = {
				ALWAYS_SEARCH_USER_PATHS = NO;
				CLANG_ANALYZER_NONNULL = YES;
				CLANG_ANALYZER_NUMBER_OBJECT_CONVERSION = YES_AGGRESSIVE;
				CLANG_CXX_LANGUAGE_STANDARD = "gnu++14";
				CLANG_CXX_LIBRARY = "libc++";
				CLANG_ENABLE_MODULES = YES;
				CLANG_ENABLE_OBJC_ARC = YES;
				CLANG_WARN_BLOCK_CAPTURE_AUTORELEASING = YES;
				CLANG_WARN_BOOL_CONVERSION = YES;
				CLANG_WARN_COMMA = YES;
				CLANG_WARN_CONSTANT_CONVERSION = YES;
				CLANG_WARN_DIRECT_OBJC_ISA_USAGE = YES_ERROR;
				CLANG_WARN_DOCUMENTATION_COMMENTS = YES;
				CLANG_WARN_EMPTY_BODY = YES;
				CLANG_WARN_ENUM_CONVERSION = YES;
				CLANG_WARN_INFINITE_RECURSION = YES;
				CLANG_WARN_INT_CONVERSION = YES;
				CLANG_WARN_NON_LITERAL_NULL_CONVERSION = YES;
				CLANG_WARN_OBJC_LITERAL_CONVERSION = YES;
				CLANG_WARN_OBJC_ROOT_CLASS = YES_ERROR;
				CLANG_WARN_RANGE_LOOP_ANALYSIS = YES;
				CLANG_WARN_STRICT_PROTOTYPES = YES;
				CLANG_WARN_SUSPICIOUS_MOVE = YES;
				CLANG_WARN_UNGUARDED_AVAILABILITY = YES_AGGRESSIVE;
				CLANG_WARN_UNREACHABLE_CODE = YES;
				CLANG_WARN__DUPLICATE_METHOD_MATCH = YES;
				CODE_SIGN_IDENTITY = "iPhone Developer";
				COPY_PHASE_STRIP = NO;
				DEBUG_INFORMATION_FORMAT = "dwarf-with-dsym";
				ENABLE_NS_ASSERTIONS = NO;
				ENABLE_STRICT_OBJC_MSGSEND = YES;
				GCC_C_LANGUAGE_STANDARD = gnu11;
				GCC_NO_COMMON_BLOCKS = YES;
				GCC_WARN_64_TO_32_BIT_CONVERSION = YES;
				GCC_WARN_ABOUT_RETURN_TYPE = YES_ERROR;
				GCC_WARN_UNDECLARED_SELECTOR = YES;
				GCC_WARN_UNINITIALIZED_AUTOS = YES_AGGRESSIVE;
				GCC_WARN_UNUSED_FUNCTION = YES;
				GCC_WARN_UNUSED_VARIABLE = YES;
				IPHONEOS_DEPLOYMENT_TARGET = 11.1;
				MTL_ENABLE_DEBUG_INFO = NO;
				SDKROOT = iphoneos;
				SWIFT_OPTIMIZATION_LEVEL = "-Owholemodule";
				VALIDATE_PRODUCT = YES;
			};
			name = Release;
		};
		2671B4991FB482F400896472 /* Debug */ = {
			isa = XCBuildConfiguration;
			buildSettings = {
				ASSETCATALOG_COMPILER_APPICON_NAME = AppIcon;
				CODE_SIGN_STYLE = Automatic;
				DEVELOPMENT_TEAM = UFQ84588AE;
				INFOPLIST_FILE = bla/Info.plist;
				LD_RUNPATH_SEARCH_PATHS = "$(inherited) @executable_path/Frameworks";
				PRODUCT_BUNDLE_IDENTIFIER = redheads.de.bla;
				PRODUCT_NAME = "$(TARGET_NAME)";
				SWIFT_VERSION = 4.0;
				TARGETED_DEVICE_FAMILY = "1,2";
			};
			name = Debug;
		};
		2671B49A1FB482F400896472 /* Release */ = {
			isa = XCBuildConfiguration;
			buildSettings = {
				ASSETCATALOG_COMPILER_APPICON_NAME = AppIcon;
				CODE_SIGN_STYLE = Automatic;
				DEVELOPMENT_TEAM = UFQ84588AE;
				INFOPLIST_FILE = bla/Info.plist;
				LD_RUNPATH_SEARCH_PATHS = "$(inherited) @executable_path/Frameworks";
				PRODUCT_BUNDLE_IDENTIFIER = redheads.de.bla;
				PRODUCT_NAME = "$(TARGET_NAME)";
				SWIFT_VERSION = 4.0;
				TARGETED_DEVICE_FAMILY = "1,2";
			};
			name = Release;
		};
/* End XCBuildConfiguration section */

/* Begin XCConfigurationList section */
		2671B47E1FB482F400896472 /* Build configuration list for PBXProject "bla" */ = {
			isa = XCConfigurationList;
			buildConfigurations = (
				2671B4961FB482F400896472 /* Debug */,
				2671B4971FB482F400896472 /* Release */,
			);
			defaultConfigurationIsVisible = 0;
			defaultConfigurationName = Release;
		};
		2671B4981FB482F400896472 /* Build configuration list for PBXNativeTarget "bla" */ = {
			isa = XCConfigurationList;
			buildConfigurations = (
				2671B4991FB482F400896472 /* Debug */,
				2671B49A1FB482F400896472 /* Release */,
			);
			defaultConfigurationIsVisible = 0;
			defaultConfigurationName = Release;
		};
/* End XCConfigurationList section */

/* Begin XCVersionGroup section */
		2671B48D1FB482F400896472 /* bla.xcdatamodeld */ = {
			isa = XCVersionGroup;
			children = (
				2671B48E1FB482F400896472 /* bla.xcdatamodel */,
			);
			currentVersion = 2671B48E1FB482F400896472 /* bla.xcdatamodel */;
			path = bla.xcdatamodeld;
			sourceTree = "<group>";
			versionGroupType = wrapper.xcdatamodel;
		};
/* End XCVersionGroup section */
	};
	rootObject = 2671B47B1FB482F400896472 /* Project object */;
}
